
Microsoft Visual Studio Solution File, Format Version 12.00
# Visual Studio Version 17
VisualStudioVersion = 17.9.34728.123
MinimumVisualStudioVersion = 10.0.40219.1
Project("{FAE04EC0-301F-11D3-BF4B-00C04F79EFBC}") = "Restaurant", "Restaurant\Restaurant.csproj", "{E76AD0F4-AAA3-488D-B771-1AE9D98C69EC}"
EndProject
Global
	GlobalSection(SolutionConfigurationPlatforms) = preSolution
		Debug|Any CPU = Debug|Any CPU
		Release|Any CPU = Release|Any CPU
	EndGlobalSection
	GlobalSection(ProjectConfigurationPlatforms) = postSolution
		{E76AD0F4-AAA3-488D-B771-1AE9D98C69EC}.Debug|Any CPU.ActiveCfg = Debug|Any CPU
		{E76AD0F4-AAA3-488D-B771-1AE9D98C69EC}.Debug|Any CPU.Build.0 = Debug|Any CPU
		{E76AD0F4-AAA3-488D-B771-1AE9D98C69EC}.Release|Any CPU.ActiveCfg = Release|Any CPU
		{E76AD0F4-AAA3-488D-B771-1AE9D98C69EC}.Release|Any CPU.Build.0 = Release|Any CPU
	EndGlobalSection
	GlobalSection(SolutionProperties) = preSolution
		HideSolutionNode = FALSE
	EndGlobalSection
	GlobalSection(ExtensibilityGlobals) = postSolution
		SolutionGuid = {6DD60AC7-CD30-46B2-AB15-F6B498424DC8}
	EndGlobalSection
EndGlobal
